uuid: 4a3df292-701b-44bf-be9a-85d257dcf8ad
langcode: en
status: true
dependencies:
  content:
    - 'block_content:basic:33dab7ff-79c7-45f5-8408-efa744a5b806'
  module:
    - block_content
  theme:
    - drupal_starterkit_theme
id: drupal_starterkit_theme_copyrightblock
theme: drupal_starterkit_theme
region: footer
weight: 0
provider: null
plugin: 'block_content:33dab7ff-79c7-45f5-8408-efa744a5b806'
settings:
  id: 'block_content:33dab7ff-79c7-45f5-8408-efa744a5b806'
  label: 'Copyright block'
  label_display: '0'
  provider: block_content
  status: true
  info: ''
  view_mode: full
visibility: {  }
